
Microsoft Visual Studio Solution File, Format Version 12.00
# Visual Studio 15
VisualStudioVersion = 15.0.28307.757
MinimumVisualStudioVersion = 10.0.40219.1
Project("{FAE04EC0-301F-11D3-BF4B-00C04F79EFBC}") = "Game1", "Game1\Game1.csproj", "{4E4C1747-C117-4C6F-8C40-40A055442691}"
EndProject
Global
	GlobalSection(SolutionConfigurationPlatforms) = preSolution
		Debug|Any CPU = Debug|Any CPU
		Release|Any CPU = Release|Any CPU
	EndGlobalSection
	GlobalSection(ProjectConfigurationPlatforms) = postSolution
		{4E4C1747-C117-4C6F-8C40-40A055442691}.Debug|Any CPU.ActiveCfg = Debug|Any CPU
		{4E4C1747-C117-4C6F-8C40-40A055442691}.Debug|Any CPU.Build.0 = Debug|Any CPU
		{4E4C1747-C117-4C6F-8C40-40A055442691}.Release|Any CPU.ActiveCfg = Release|Any CPU
		{4E4C1747-C117-4C6F-8C40-40A055442691}.Release|Any CPU.Build.0 = Release|Any CPU
	EndGlobalSection
	GlobalSection(SolutionProperties) = preSolution
		HideSolutionNode = FALSE
	EndGlobalSection
	GlobalSection(ExtensibilityGlobals) = postSolution
		SolutionGuid = {42EED3E7-F759-4DBB-89A0-4275CC430F2C}
	EndGlobalSection
EndGlobal
